
Microsoft Visual Studio Solution File, Format Version 12.00
# Visual Studio 14
VisualStudioVersion = 14.0.24720.0
MinimumVisualStudioVersion = 10.0.40219.1
Project("{FAE04EC0-301F-11D3-BF4B-00C04F79EFBC}") = "projekt", "projekt\projekt.csproj", "{26339CA4-0067-4DAF-BF5A-8242E800B118}"
EndProject
Project("{FAE04EC0-301F-11D3-BF4B-00C04F79EFBC}") = "projektTests2", "projektTests2\projektTests2.csproj", "{228AB8C6-0A03-4723-80A8-0ADC837B8571}"
EndProject
Global
	GlobalSection(SolutionConfigurationPlatforms) = preSolution
		Debug|Any CPU = Debug|Any CPU
		Release|Any CPU = Release|Any CPU
	EndGlobalSection
	GlobalSection(ProjectConfigurationPlatforms) = postSolution
		{26339CA4-0067-4DAF-BF5A-8242E800B118}.Debug|Any CPU.ActiveCfg = Debug|x86
		{26339CA4-0067-4DAF-BF5A-8242E800B118}.Debug|Any CPU.Build.0 = Debug|x86
		{26339CA4-0067-4DAF-BF5A-8242E800B118}.Release|Any CPU.ActiveCfg = Release|Any CPU
		{26339CA4-0067-4DAF-BF5A-8242E800B118}.Release|Any CPU.Build.0 = Release|Any CPU
		{228AB8C6-0A03-4723-80A8-0ADC837B8571}.Debug|Any CPU.ActiveCfg = Debug|Any CPU
		{228AB8C6-0A03-4723-80A8-0ADC837B8571}.Debug|Any CPU.Build.0 = Debug|Any CPU
		{228AB8C6-0A03-4723-80A8-0ADC837B8571}.Release|Any CPU.ActiveCfg = Release|Any CPU
		{228AB8C6-0A03-4723-80A8-0ADC837B8571}.Release|Any CPU.Build.0 = Release|Any CPU
	EndGlobalSection
	GlobalSection(SolutionProperties) = preSolution
		HideSolutionNode = FALSE
	EndGlobalSection
	GlobalSection(ExtensibilityGlobals) = postSolution
		SolutionGuid = {C611B0FD-1171-4129-9469-04655FB37E38}
	EndGlobalSection
EndGlobal
